<?xml version="1.0" encoding="utf-8"?>
<Project ToolsVersion="4.0" xmlns="http://schemas.microsoft.com/developer/msbuild/2003">
  <ItemGroup>
    <ClCompile Include="Cell.cpp" />
    <ClCompile Include="Character.cpp" />
    <ClCompile Include="CharacterState.cpp" />
    <ClCompile Include="DeadState.cpp" />
    <ClCompile Include="Grid.cpp" />
    <ClCompile Include="IdleState.cpp" />
    <ClCompile Include="InitialisationError.cpp" />
    <ClCompile Include="LowOxygenState.cpp" />
    <ClCompile Include="MainCharacter.cpp" />
    <ClCompile Include="Map.cpp" />
    <ClCompile Include="OnFire.cpp" />
    <ClCompile Include="Oxygen.cpp" />
    <ClCompile Include="PlayerControlledState.cpp" />
    <ClCompile Include="SDL_project.cpp" />
    <ClCompile Include="SpaceGame.cpp" />
    <ClCompile Include="stdafx.cpp" />
    <ClCompile Include="SubCharacter.cpp" />
    <ClCompile Include="Texture.cpp" />
    <ClCompile Include="WanderingState.cpp" />
    <ClCompile Include="Coordinates.cpp" />
  </ItemGroup>
  <ItemGroup>
    <ClInclude Include="Grid.h" />
    <ClInclude Include="stdafx.h" />
    <ClInclude Include="Cell.h">
      <Filter>Headers</Filter>
    </ClInclude>
    <ClInclude Include="Character.h">
      <Filter>Headers</Filter>
    </ClInclude>
    <ClInclude Include="DeadState.h">
      <Filter>Headers</Filter>
    </ClInclude>
    <ClInclude Include="GameConfiguration.h">
      <Filter>Headers</Filter>
    </ClInclude>
    <ClInclude Include="IdleState.h">
      <Filter>Headers</Filter>
    </ClInclude>
    <ClInclude Include="InitialisationError.h">
      <Filter>Headers</Filter>
    </ClInclude>
    <ClInclude Include="MainCharacter.h">
      <Filter>Headers</Filter>
    </ClInclude>
    <ClInclude Include="LowOxygenState.h">
      <Filter>Headers</Filter>
    </ClInclude>
    <ClInclude Include="Map.h">
      <Filter>Headers</Filter>
    </ClInclude>
    <ClInclude Include="OnFire.h">
      <Filter>Headers</Filter>
    </ClInclude>
    <ClInclude Include="Oxygen.h">
      <Filter>Headers</Filter>
    </ClInclude>
    <ClInclude Include="PlayerControlledState.h">
      <Filter>Headers</Filter>
    </ClInclude>
    <ClInclude Include="Resource.h">
      <Filter>Headers</Filter>
    </ClInclude>
    <ClInclude Include="SDL_project.h">
      <Filter>Headers</Filter>
    </ClInclude>
    <ClInclude Include="SpaceGame.h">
      <Filter>Headers</Filter>
    </ClInclude>
    <ClInclude Include="SubCharacter.h">
      <Filter>Headers</Filter>
    </ClInclude>
    <ClInclude Include="targetver.h">
      <Filter>Headers</Filter>
    </ClInclude>
    <ClInclude Include="Texture.h">
      <Filter>Headers</Filter>
    </ClInclude>
    <ClInclude Include="WanderingState.h">
      <Filter>Headers</Filter>
    </ClInclude>
    <ClInclude Include="Coordinates.h" />
  </ItemGroup>
  <ItemGroup>
    <ResourceCompile Include="SDL_project.rc" />
  </ItemGroup>
  <ItemGroup>
    <Image Include="SDL_project.ico" />
    <Image Include="small.ico" />
  </ItemGroup>
  <ItemGroup>
    <Text Include="ReadMe.txt" />
  </ItemGroup>
  <ItemGroup>
    <Filter Include="Headers">
      <UniqueIdentifier>{85d2a310-be25-46aa-88a6-272aa5fe861c}</UniqueIdentifier>
    </Filter>
  </ItemGroup>
</Project>